
Microsoft Visual Studio Solution File, Format Version 12.00
# Visual Studio Version 17
VisualStudioVersion = 17.9.34728.123
MinimumVisualStudioVersion = 10.0.40219.1
Project("{8BC9CEB8-8B4A-11D0-8D11-00A0C91BC942}") = "lily injector", "lily injector\lily injector.vcxproj", "{D74E0677-800A-4FD1-AE79-079E6309D631}"
EndProject
Global
	GlobalSection(SolutionConfigurationPlatforms) = preSolution
		Debug|x64 = Debug|x64
		Debug|x86 = Debug|x86
		Release|x64 = Release|x64
		Release|x86 = Release|x86
	EndGlobalSection
	GlobalSection(ProjectConfigurationPlatforms) = postSolution
		{D74E0677-800A-4FD1-AE79-079E6309D631}.Debug|x64.ActiveCfg = Debug|x64
		{D74E0677-800A-4FD1-AE79-079E6309D631}.Debug|x64.Build.0 = Debug|x64
		{D74E0677-800A-4FD1-AE79-079E6309D631}.Debug|x86.ActiveCfg = Debug|Win32
		{D74E0677-800A-4FD1-AE79-079E6309D631}.Debug|x86.Build.0 = Debug|Win32
		{D74E0677-800A-4FD1-AE79-079E6309D631}.Release|x64.ActiveCfg = Release|x64
		{D74E0677-800A-4FD1-AE79-079E6309D631}.Release|x64.Build.0 = Release|x64
		{D74E0677-800A-4FD1-AE79-079E6309D631}.Release|x86.ActiveCfg = Release|Win32
		{D74E0677-800A-4FD1-AE79-079E6309D631}.Release|x86.Build.0 = Release|Win32
	EndGlobalSection
	GlobalSection(SolutionProperties) = preSolution
		HideSolutionNode = FALSE
	EndGlobalSection
	GlobalSection(ExtensibilityGlobals) = postSolution
		SolutionGuid = {AC57E391-503C-486E-9361-B2A5E8699468}
	EndGlobalSection
EndGlobal
